// !$*UTF8*$!
{
	archiveVersion = 1;
	classes = {
	};
	objectVersion = 46;
	objects = {

/* Begin PBXBuildFile section */
		869E0A0D1F45311F00EE51FE /* AppDelegate.swift in Sources */ = {isa = PBXBuildFile; fileRef = 869E0A0C1F45311F00EE51FE /* AppDelegate.swift */; };
		869E0A0F1F45311F00EE51FE /* ViewController.swift in Sources */ = {isa = PBXBuildFile; fileRef = 869E0A0E1F45311F00EE51FE /* ViewController.swift */; };
		869E0A121F45311F00EE51FE /* Main.storyboard in Resources */ = {isa = PBXBuildFile; fileRef = 869E0A101F45311F00EE51FE /* Main.storyboard */; };
		869E0A151F45311F00EE51FE /* Skazki.xcdatamodeld in Sources */ = {isa = PBXBuildFile; fileRef = 869E0A131F45311F00EE51FE /* Skazki.xcdatamodeld */; };
		869E0A171F45311F00EE51FE /* Assets.xcassets in Resources */ = {isa = PBXBuildFile; fileRef = 869E0A161F45311F00EE51FE /* Assets.xcassets */; };
		869E0A1A1F45311F00EE51FE /* LaunchScreen.storyboard in Resources */ = {isa = PBXBuildFile; fileRef = 869E0A181F45311F00EE51FE /* LaunchScreen.storyboard */; };
		869E0A251F45311F00EE51FE /* SkazkiTests.swift in Sources */ = {isa = PBXBuildFile; fileRef = 869E0A241F45311F00EE51FE /* SkazkiTests.swift */; };
		869E0A301F45311F00EE51FE /* SkazkiUITests.swift in Sources */ = {isa = PBXBuildFile; fileRef = 869E0A2F1F45311F00EE51FE /* SkazkiUITests.swift */; };
/* End PBXBuildFile section */

/* Begin PBXContainerItemProxy section */
		869E0A211F45311F00EE51FE /* PBXContainerItemProxy */ = {
			isa = PBXContainerItemProxy;
			containerPortal = 869E0A011F45311F00EE51FE /* Project object */;
			proxyType = 1;
			remoteGlobalIDString = 869E0A081F45311F00EE51FE;
			remoteInfo = Skazki;
		};
		869E0A2C1F45311F00EE51FE /* PBXContainerItemProxy */ = {
			isa = PBXContainerItemProxy;
			containerPortal = 869E0A011F45311F00EE51FE /* Project object */;
			proxyType = 1;
			remoteGlobalIDString = 869E0A081F45311F00EE51FE;
			remoteInfo = Skazki;
		};
/* End PBXContainerItemProxy section */

/* Begin PBXFileReference section */
		869E0A091F45311F00EE51FE /* Skazki.app */ = {isa = PBXFileReference; explicitFileType = wrapper.application; includeInIndex = 0; path = Skazki.app; sourceTree = BUILT_PRODUCTS_DIR; };
		869E0A0C1F45311F00EE51FE /* AppDelegate.swift */ = {isa = PBXFileReference; lastKnownFileType = sourcecode.swift; path = AppDelegate.swift; sourceTree = "<group>"; };
		869E0A0E1F45311F00EE51FE /* ViewController.swift */ = {isa = PBXFileReference; lastKnownFileType = sourcecode.swift; path = ViewController.swift; sourceTree = "<group>"; };
		869E0A111F45311F00EE51FE /* Base */ = {isa = PBXFileReference; lastKnownFileType = file.storyboard; name = Base; path = Base.lproj/Main.storyboard; sourceTree = "<group>"; };
		869E0A141F45311F00EE51FE /* Skazki.xcdatamodel */ = {isa = PBXFileReference; lastKnownFileType = wrapper.xcdatamodel; path = Skazki.xcdatamodel; sourceTree = "<group>"; };
		869E0A161F45311F00EE51FE /* Assets.xcassets */ = {isa = PBXFileReference; lastKnownFileType = folder.assetcatalog; path = Assets.xcassets; sourceTree = "<group>"; };
		869E0A191F45311F00EE51FE /* Base */ = {isa = PBXFileReference; lastKnownFileType = file.storyboard; name = Base; path = Base.lproj/LaunchScreen.storyboard; sourceTree = "<group>"; };
		869E0A1B1F45311F00EE51FE /* Info.plist */ = {isa = PBXFileReference; lastKnownFileType = text.plist.xml; path = Info.plist; sourceTree = "<group>"; };
		869E0A201F45311F00EE51FE /* SkazkiTests.xctest */ = {isa = PBXFileReference; explicitFileType = wrapper.cfbundle; includeInIndex = 0; path = SkazkiTests.xctest; sourceTree = BUILT_PRODUCTS_DIR; };
		869E0A241F45311F00EE51FE /* SkazkiTests.swift */ = {isa = PBXFileReference; lastKnownFileType = sourcecode.swift; path = SkazkiTests.swift; sourceTree = "<group>"; };
		869E0A261F45311F00EE51FE /* Info.plist */ = {isa = PBXFileReference; lastKnownFileType = text.plist.xml; path = Info.plist; sourceTree = "<group>"; };
		869E0A2B1F45311F00EE51FE /* SkazkiUITests.xctest */ = {isa = PBXFileReference; explicitFileType = wrapper.cfbundle; includeInIndex = 0; path = SkazkiUITests.xctest; sourceTree = BUILT_PRODUCTS_DIR; };
		869E0A2F1F45311F00EE51FE /* SkazkiUITests.swift */ = {isa = PBXFileReference; lastKnownFileType = sourcecode.swift; path = SkazkiUITests.swift; sourceTree = "<group>"; };
		869E0A311F45311F00EE51FE /* Info.plist */ = {isa = PBXFileReference; lastKnownFileType = text.plist.xml; path = Info.plist; sourceTree = "<group>"; };
/* End PBXFileReference section */

/* Begin PBXFrameworksBuildPhase section */
		869E0A061F45311F00EE51FE /* Frameworks */ = {
			isa = PBXFrameworksBuildPhase;
			buildActionMask = 2147483647;
			files = (
			);
			runOnlyForDeploymentPostprocessing = 0;
		};
		869E0A1D1F45311F00EE51FE /* Frameworks */ = {
			isa = PBXFrameworksBuildPhase;
			buildActionMask = 2147483647;
			files = (
			);
			runOnlyForDeploymentPostprocessing = 0;
		};
		869E0A281F45311F00EE51FE /* Frameworks */ = {
			isa = PBXFrameworksBuildPhase;
			buildActionMask = 2147483647;
			files = (
			);
			runOnlyForDeploymentPostprocessing = 0;
		};
/* End PBXFrameworksBuildPhase section */

/* Begin PBXGroup section */
		869E0A001F45311F00EE51FE = {
			isa = PBXGroup;
			children = (
				869E0A0B1F45311F00EE51FE /* Skazki */,
				869E0A231F45311F00EE51FE /* SkazkiTests */,
				869E0A2E1F45311F00EE51FE /* SkazkiUITests */,
				869E0A0A1F45311F00EE51FE /* Products */,
			);
			sourceTree = "<group>";
		};
		869E0A0A1F45311F00EE51FE /* Products */ = {
			isa = PBXGroup;
			children = (
				869E0A091F45311F00EE51FE /* Skazki.app */,
				869E0A201F45311F00EE51FE /* SkazkiTests.xctest */,
				869E0A2B1F45311F00EE51FE /* SkazkiUITests.xctest */,
			);
			name = Products;
			sourceTree = "<group>";
		};
		869E0A0B1F45311F00EE51FE /* Skazki */ = {
			isa = PBXGroup;
			children = (
				869E0A0C1F45311F00EE51FE /* AppDelegate.swift */,
				869E0A0E1F45311F00EE51FE /* ViewController.swift */,
				869E0A101F45311F00EE51FE /* Main.storyboard */,
				869E0A161F45311F00EE51FE /* Assets.xcassets */,
				869E0A181F45311F00EE51FE /* LaunchScreen.storyboard */,
				869E0A1B1F45311F00EE51FE /* Info.plist */,
				869E0A131F45311F00EE51FE /* Skazki.xcdatamodeld */,
			);
			path = Skazki;
			sourceTree = "<group>";
		};
		869E0A231F45311F00EE51FE /* SkazkiTests */ = {
			isa = PBXGroup;
			children = (
				869E0A241F45311F00EE51FE /* SkazkiTests.swift */,
				869E0A261F45311F00EE51FE /* Info.plist */,
			);
			path = SkazkiTests;
			sourceTree = "<group>";
		};
		869E0A2E1F45311F00EE51FE /* SkazkiUITests */ = {
			isa = PBXGroup;
			children = (
				869E0A2F1F45311F00EE51FE /* SkazkiUITests.swift */,
				869E0A311F45311F00EE51FE /* Info.plist */,
			);
			path = SkazkiUITests;
			sourceTree = "<group>";
		};
/* End PBXGroup section */

/* Begin PBXNativeTarget section */
		869E0A081F45311F00EE51FE /* Skazki */ = {
			isa = PBXNativeTarget;
			buildConfigurationList = 869E0A341F45311F00EE51FE /* Build configuration list for PBXNativeTarget "Skazki" */;
			buildPhases = (
				869E0A051F45311F00EE51FE /* Sources */,
				869E0A061F45311F00EE51FE /* Frameworks */,
				869E0A071F45311F00EE51FE /* Resources */,
			);
			buildRules = (
			);
			dependencies = (
			);
			name = Skazki;
			productName = Skazki;
			productReference = 869E0A091F45311F00EE51FE /* Skazki.app */;
			productType = "com.apple.product-type.application";
		};
		869E0A1F1F45311F00EE51FE /* SkazkiTests */ = {
			isa = PBXNativeTarget;
			buildConfigurationList = 869E0A371F45311F00EE51FE /* Build configuration list for PBXNativeTarget "SkazkiTests" */;
			buildPhases = (
				869E0A1C1F45311F00EE51FE /* Sources */,
				869E0A1D1F45311F00EE51FE /* Frameworks */,
				869E0A1E1F45311F00EE51FE /* Resources */,
			);
			buildRules = (
			);
			dependencies = (
				869E0A221F45311F00EE51FE /* PBXTargetDependency */,
			);
			name = SkazkiTests;
			productName = SkazkiTests;
			productReference = 869E0A201F45311F00EE51FE /* SkazkiTests.xctest */;
			productType = "com.apple.product-type.bundle.unit-test";
		};
		869E0A2A1F45311F00EE51FE /* SkazkiUITests */ = {
			isa = PBXNativeTarget;
			buildConfigurationList = 869E0A3A1F45311F00EE51FE /* Build configuration list for PBXNativeTarget "SkazkiUITests" */;
			buildPhases = (
				869E0A271F45311F00EE51FE /* Sources */,
				869E0A281F45311F00EE51FE /* Frameworks */,
				869E0A291F45311F00EE51FE /* Resources */,
			);
			buildRules = (
			);
			dependencies = (
				869E0A2D1F45311F00EE51FE /* PBXTargetDependency */,
			);
			name = SkazkiUITests;
			productName = SkazkiUITests;
			productReference = 869E0A2B1F45311F00EE51FE /* SkazkiUITests.xctest */;
			productType = "com.apple.product-type.bundle.ui-testing";
		};
/* End PBXNativeTarget section */

/* Begin PBXProject section */
		869E0A011F45311F00EE51FE /* Project object */ = {
			isa = PBXProject;
			attributes = {
				LastSwiftUpdateCheck = 0830;
				LastUpgradeCheck = 0830;
				ORGANIZATIONNAME = tuchka;
				TargetAttributes = {
					869E0A081F45311F00EE51FE = {
						CreatedOnToolsVersion = 8.3.3;
						DevelopmentTeam = F74DACVA34;
						ProvisioningStyle = Automatic;
					};
					869E0A1F1F45311F00EE51FE = {
						CreatedOnToolsVersion = 8.3.3;
						DevelopmentTeam = F74DACVA34;
						ProvisioningStyle = Automatic;
						TestTargetID = 869E0A081F45311F00EE51FE;
					};
					869E0A2A1F45311F00EE51FE = {
						CreatedOnToolsVersion = 8.3.3;
						DevelopmentTeam = F74DACVA34;
						ProvisioningStyle = Automatic;
						TestTargetID = 869E0A081F45311F00EE51FE;
					};
				};
			};
			buildConfigurationList = 869E0A041F45311F00EE51FE /* Build configuration list for PBXProject "Skazki" */;
			compatibilityVersion = "Xcode 3.2";
			developmentRegion = English;
			hasScannedForEncodings = 0;
			knownRegions = (
				en,
				Base,
			);
			mainGroup = 869E0A001F45311F00EE51FE;
			productRefGroup = 869E0A0A1F45311F00EE51FE /* Products */;
			projectDirPath = "";
			projectRoot = "";
			targets = (
				869E0A081F45311F00EE51FE /* Skazki */,
				869E0A1F1F45311F00EE51FE /* SkazkiTests */,
				869E0A2A1F45311F00EE51FE /* SkazkiUITests */,
			);
		};
/* End PBXProject section */

/* Begin PBXResourcesBuildPhase section */
		869E0A071F45311F00EE51FE /* Resources */ = {
			isa = PBXResourcesBuildPhase;
			buildActionMask = 2147483647;
			files = (
				869E0A1A1F45311F00EE51FE /* LaunchScreen.storyboard in Resources */,
				869E0A171F45311F00EE51FE /* Assets.xcassets in Resources */,
				869E0A121F45311F00EE51FE /* Main.storyboard in Resources */,
			);
			runOnlyForDeploymentPostprocessing = 0;
		};
		869E0A1E1F45311F00EE51FE /* Resources */ = {
			isa = PBXResourcesBuildPhase;
			buildActionMask = 2147483647;
			files = (
			);
			runOnlyForDeploymentPostprocessing = 0;
		};
		869E0A291F45311F00EE51FE /* Resources */ = {
			isa = PBXResourcesBuildPhase;
			buildActionMask = 2147483647;
			files = (
			);
			runOnlyForDeploymentPostprocessing = 0;
		};
/* End PBXResourcesBuildPhase section */

/* Begin PBXSourcesBuildPhase section */
		869E0A051F45311F00EE51FE /* Sources */ = {
			isa = PBXSourcesBuildPhase;
			buildActionMask = 2147483647;
			files = (
				869E0A151F45311F00EE51FE /* Skazki.xcdatamodeld in Sources */,
				869E0A0F1F45311F00EE51FE /* ViewController.swift in Sources */,
				869E0A0D1F45311F00EE51FE /* AppDelegate.swift in Sources */,
			);
			runOnlyForDeploymentPostprocessing = 0;
		};
		869E0A1C1F45311F00EE51FE /* Sources */ = {
			isa = PBXSourcesBuildPhase;
			buildActionMask = 2147483647;
			files = (
				869E0A251F45311F00EE51FE /* SkazkiTests.swift in Sources */,
			);
			runOnlyForDeploymentPostprocessing = 0;
		};
		869E0A271F45311F00EE51FE /* Sources */ = {
			isa = PBXSourcesBuildPhase;
			buildActionMask = 2147483647;
			files = (
				869E0A301F45311F00EE51FE /* SkazkiUITests.swift in Sources */,
			);
			runOnlyForDeploymentPostprocessing = 0;
		};
/* End PBXSourcesBuildPhase section */

/* Begin PBXTargetDependency section */
		869E0A221F45311F00EE51FE /* PBXTargetDependency */ = {
			isa = PBXTargetDependency;
			target = 869E0A081F45311F00EE51FE /* Skazki */;
			targetProxy = 869E0A211F45311F00EE51FE /* PBXContainerItemProxy */;
		};
		869E0A2D1F45311F00EE51FE /* PBXTargetDependency */ = {
			isa = PBXTargetDependency;
			target = 869E0A081F45311F00EE51FE /* Skazki */;
			targetProxy = 869E0A2C1F45311F00EE51FE /* PBXContainerItemProxy */;
		};
/* End PBXTargetDependency section */

/* Begin PBXVariantGroup section */
		869E0A101F45311F00EE51FE /* Main.storyboard */ = {
			isa = PBXVariantGroup;
			children = (
				869E0A111F45311F00EE51FE /* Base */,
			);
			name = Main.storyboard;
			sourceTree = "<group>";
		};
		869E0A181F45311F00EE51FE /* LaunchScreen.storyboard */ = {
			isa = PBXVariantGroup;
			children = (
				869E0A191F45311F00EE51FE /* Base */,
			);
			name = LaunchScreen.storyboard;
			sourceTree = "<group>";
		};
/* End PBXVariantGroup section */

/* Begin XCBuildConfiguration section */
		869E0A321F45311F00EE51FE /* Debug */ = {
			isa = XCBuildConfiguration;
			buildSettings = {
				ALWAYS_SEARCH_USER_PATHS = NO;
				CLANG_ANALYZER_NONNULL = YES;
				CLANG_ANALYZER_NUMBER_OBJECT_CONVERSION = YES_AGGRESSIVE;
				CLANG_CXX_LANGUAGE_STANDARD = "gnu++0x";
				CLANG_CXX_LIBRARY = "libc++";
				CLANG_ENABLE_MODULES = YES;
				CLANG_ENABLE_OBJC_ARC = YES;
				CLANG_WARN_BOOL_CONVERSION = YES;
				CLANG_WARN_CONSTANT_CONVERSION = YES;
				CLANG_WARN_DIRECT_OBJC_ISA_USAGE = YES_ERROR;
				CLANG_WARN_DOCUMENTATION_COMMENTS = YES;
				CLANG_WARN_EMPTY_BODY = YES;
				CLANG_WARN_ENUM_CONVERSION = YES;
				CLANG_WARN_INFINITE_RECURSION = YES;
				CLANG_WARN_INT_CONVERSION = YES;
				CLANG_WARN_OBJC_ROOT_CLASS = YES_ERROR;
				CLANG_WARN_SUSPICIOUS_MOVE = YES;
				CLANG_WARN_UNREACHABLE_CODE = YES;
				CLANG_WARN__DUPLICATE_METHOD_MATCH = YES;
				"CODE_SIGN_IDENTITY[sdk=iphoneos*]" = "iPhone Developer";
				COPY_PHASE_STRIP = NO;
				DEBUG_INFORMATION_FORMAT = dwarf;
				ENABLE_STRICT_OBJC_MSGSEND = YES;
				ENABLE_TESTABILITY = YES;
				GCC_C_LANGUAGE_STANDARD = gnu99;
				GCC_DYNAMIC_NO_PIC = NO;
				GCC_NO_COMMON_BLOCKS = YES;
				GCC_OPTIMIZATION_LEVEL = 0;
				GCC_PREPROCESSOR_DEFINITIONS = (
					"DEBUG=1",
					"$(inherited)",
				);
				GCC_WARN_64_TO_32_BIT_CONVERSION = YES;
				GCC_WARN_ABOUT_RETURN_TYPE = YES_ERROR;
				GCC_WARN_UNDECLARED_SELECTOR = YES;
				GCC_WARN_UNINITIALIZED_AUTOS = YES_AGGRESSIVE;
				GCC_WARN_UNUSED_FUNCTION = YES;
				GCC_WARN_UNUSED_VARIABLE = YES;
				IPHONEOS_DEPLOYMENT_TARGET = 10.3;
				MTL_ENABLE_DEBUG_INFO = YES;
				ONLY_ACTIVE_ARCH = YES;
				SDKROOT = iphoneos;
				SWIFT_ACTIVE_COMPILATION_CONDITIONS = DEBUG;
				SWIFT_OPTIMIZATION_LEVEL = "-Onone";
				TARGETED_DEVICE_FAMILY = "1,2";
			};
			name = Debug;
		};
		869E0A331F45311F00EE51FE /* Release */ = {
			isa = XCBuildConfiguration;
			buildSettings = {
				ALWAYS_SEARCH_USER_PATHS = NO;
				CLANG_ANALYZER_NONNULL = YES;
				CLANG_ANALYZER_NUMBER_OBJECT_CONVERSION = YES_AGGRESSIVE;
				CLANG_CXX_LANGUAGE_STANDARD = "gnu++0x";
				CLANG_CXX_LIBRARY = "libc++";
				CLANG_ENABLE_MODULES = YES;
				CLANG_ENABLE_OBJC_ARC = YES;
				CLANG_WARN_BOOL_CONVERSION = YES;
				CLANG_WARN_CONSTANT_CONVERSION = YES;
				CLANG_WARN_DIRECT_OBJC_ISA_USAGE = YES_ERROR;
				CLANG_WARN_DOCUMENTATION_COMMENTS = YES;
				CLANG_WARN_EMPTY_BODY = YES;
				CLANG_WARN_ENUM_CONVERSION = YES;
				CLANG_WARN_INFINITE_RECURSION = YES;
				CLANG_WARN_INT_CONVERSION = YES;
				CLANG_WARN_OBJC_ROOT_CLASS = YES_ERROR;
				CLANG_WARN_SUSPICIOUS_MOVE = YES;
				CLANG_WARN_UNREACHABLE_CODE = YES;
				CLANG_WARN__DUPLICATE_METHOD_MATCH = YES;
				"CODE_SIGN_IDENTITY[sdk=iphoneos*]" = "iPhone Developer";
				COPY_PHASE_STRIP = NO;
				DEBUG_INFORMATION_FORMAT = "dwarf-with-dsym";
				ENABLE_NS_ASSERTIONS = NO;
				ENABLE_STRICT_OBJC_MSGSEND = YES;
				GCC_C_LANGUAGE_STANDARD = gnu99;
				GCC_NO_COMMON_BLOCKS = YES;
				GCC_WARN_64_TO_32_BIT_CONVERSION = YES;
				GCC_WARN_ABOUT_RETURN_TYPE = YES_ERROR;
				GCC_WARN_UNDECLARED_SELECTOR = YES;
				GCC_WARN_UNINITIALIZED_AUTOS = YES_AGGRESSIVE;
				GCC_WARN_UNUSED_FUNCTION = YES;
				GCC_WARN_UNUSED_VARIABLE = YES;
				IPHONEOS_DEPLOYMENT_TARGET = 10.3;
				MTL_ENABLE_DEBUG_INFO = NO;
				SDKROOT = iphoneos;
				SWIFT_OPTIMIZATION_LEVEL = "-Owholemodule";
				TARGETED_DEVICE_FAMILY = "1,2";
				VALIDATE_PRODUCT = YES;
			};
			name = Release;
		};
		869E0A351F45311F00EE51FE /* Debug */ = {
			isa = XCBuildConfiguration;
			buildSettings = {
				ASSETCATALOG_COMPILER_APPICON_NAME = AppIcon;
				DEVELOPMENT_TEAM = F74DACVA34;
				INFOPLIST_FILE = Skazki/Info.plist;
				LD_RUNPATH_SEARCH_PATHS = "$(inherited) @executable_path/Frameworks";
				PRODUCT_BUNDLE_IDENTIFIER = com.tuchka.Skazki;
				PRODUCT_NAME = "$(TARGET_NAME)";
				SWIFT_VERSION = 3.0;
			};
			name = Debug;
		};
		869E0A361F45311F00EE51FE /* Release */ = {
			isa = XCBuildConfiguration;
			buildSettings = {
				ASSETCATALOG_COMPILER_APPICON_NAME = AppIcon;
				DEVELOPMENT_TEAM = F74DACVA34;
				INFOPLIST_FILE = Skazki/Info.plist;
				LD_RUNPATH_SEARCH_PATHS = "$(inherited) @executable_path/Frameworks";
				PRODUCT_BUNDLE_IDENTIFIER = com.tuchka.Skazki;
				PRODUCT_NAME = "$(TARGET_NAME)";
				SWIFT_VERSION = 3.0;
			};
			name = Release;
		};
		869E0A381F45311F00EE51FE /* Debug */ = {
			isa = XCBuildConfiguration;
			buildSettings = {
				ALWAYS_EMBED_SWIFT_STANDARD_LIBRARIES = YES;
				BUNDLE_LOADER = "$(TEST_HOST)";
				DEVELOPMENT_TEAM = F74DACVA34;
				INFOPLIST_FILE = SkazkiTests/Info.plist;
				LD_RUNPATH_SEARCH_PATHS = "$(inherited) @executable_path/Frameworks @loader_path/Frameworks";
				PRODUCT_BUNDLE_IDENTIFIER = com.tuchka.SkazkiTests;
				PRODUCT_NAME = "$(TARGET_NAME)";
				SWIFT_VERSION = 3.0;
				TEST_HOST = "$(BUILT_PRODUCTS_DIR)/Skazki.app/Skazki";
			};
			name = Debug;
		};
		869E0A391F45311F00EE51FE /* Release */ = {
			isa = XCBuildConfiguration;
			buildSettings = {
				ALWAYS_EMBED_SWIFT_STANDARD_LIBRARIES = YES;
				BUNDLE_LOADER = "$(TEST_HOST)";
				DEVELOPMENT_TEAM = F74DACVA34;
				INFOPLIST_FILE = SkazkiTests/Info.plist;
				LD_RUNPATH_SEARCH_PATHS = "$(inherited) @executable_path/Frameworks @loader_path/Frameworks";
				PRODUCT_BUNDLE_IDENTIFIER = com.tuchka.SkazkiTests;
				PRODUCT_NAME = "$(TARGET_NAME)";
				SWIFT_VERSION = 3.0;
				TEST_HOST = "$(BUILT_PRODUCTS_DIR)/Skazki.app/Skazki";
			};
			name = Release;
		};
		869E0A3B1F45311F00EE51FE /* Debug */ = {
			isa = XCBuildConfiguration;
			buildSettings = {
				ALWAYS_EMBED_SWIFT_STANDARD_LIBRARIES = YES;
				DEVELOPMENT_TEAM = F74DACVA34;
				INFOPLIST_FILE = SkazkiUITests/Info.plist;
				LD_RUNPATH_SEARCH_PATHS = "$(inherited) @executable_path/Frameworks @loader_path/Frameworks";
				PRODUCT_BUNDLE_IDENTIFIER = com.tuchka.SkazkiUITests;
				PRODUCT_NAME = "$(TARGET_NAME)";
				SWIFT_VERSION = 3.0;
				TEST_TARGET_NAME = Skazki;
			};
			name = Debug;
		};
		869E0A3C1F45311F00EE51FE /* Release */ = {
			isa = XCBuildConfiguration;
			buildSettings = {
				ALWAYS_EMBED_SWIFT_STANDARD_LIBRARIES = YES;
				DEVELOPMENT_TEAM = F74DACVA34;
				INFOPLIST_FILE = SkazkiUITests/Info.plist;
				LD_RUNPATH_SEARCH_PATHS = "$(inherited) @executable_path/Frameworks @loader_path/Frameworks";
				PRODUCT_BUNDLE_IDENTIFIER = com.tuchka.SkazkiUITests;
				PRODUCT_NAME = "$(TARGET_NAME)";
				SWIFT_VERSION = 3.0;
				TEST_TARGET_NAME = Skazki;
			};
			name = Release;
		};
/* End XCBuildConfiguration section */

/* Begin XCConfigurationList section */
		869E0A041F45311F00EE51FE /* Build configuration list for PBXProject "Skazki" */ = {
			isa = XCConfigurationList;
			buildConfigurations = (
				869E0A321F45311F00EE51FE /* Debug */,
				869E0A331F45311F00EE51FE /* Release */,
			);
			defaultConfigurationIsVisible = 0;
			defaultConfigurationName = Release;
		};
		869E0A341F45311F00EE51FE /* Build configuration list for PBXNativeTarget "Skazki" */ = {
			isa = XCConfigurationList;
			buildConfigurations = (
				869E0A351F45311F00EE51FE /* Debug */,
				869E0A361F45311F00EE51FE /* Release */,
			);
			defaultConfigurationIsVisible = 0;
		};
		869E0A371F45311F00EE51FE /* Build configuration list for PBXNativeTarget "SkazkiTests" */ = {
			isa = XCConfigurationList;
			buildConfigurations = (
				869E0A381F45311F00EE51FE /* Debug */,
				869E0A391F45311F00EE51FE /* Release */,
			);
			defaultConfigurationIsVisible = 0;
		};
		869E0A3A1F45311F00EE51FE /* Build configuration list for PBXNativeTarget "SkazkiUITests" */ = {
			isa = XCConfigurationList;
			buildConfigurations = (
				869E0A3B1F45311F00EE51FE /* Debug */,
				869E0A3C1F45311F00EE51FE /* Release */,
			);
			defaultConfigurationIsVisible = 0;
		};
/* End XCConfigurationList section */

/* Begin XCVersionGroup section */
		869E0A131F45311F00EE51FE /* Skazki.xcdatamodeld */ = {
			isa = XCVersionGroup;
			children = (
				869E0A141F45311F00EE51FE /* Skazki.xcdatamodel */,
			);
			currentVersion = 869E0A141F45311F00EE51FE /* Skazki.xcdatamodel */;
			path = Skazki.xcdatamodeld;
			sourceTree = "<group>";
			versionGroupType = wrapper.xcdatamodel;
		};
/* End XCVersionGroup section */
	};
	rootObject = 869E0A011F45311F00EE51FE /* Project object */;
}
